
Microsoft Visual Studio Solution File, Format Version 12.00
# Visual Studio Version 17
VisualStudioVersion = 17.0.31912.275
MinimumVisualStudioVersion = 10.0.40219.1
Project("{2150E333-8FDC-42A3-9474-1A3956D46DE8}") = "Core", "Core", "{7B6360C2-0971-47FA-B976-7A8621E3447C}"
EndProject
Project("{2150E333-8FDC-42A3-9474-1A3956D46DE8}") = "Models", "Models", "{3CB35D72-841B-4943-A2C7-DBB5373BDADB}"
EndProject
Project("{2150E333-8FDC-42A3-9474-1A3956D46DE8}") = "Services", "Services", "{A6E10017-F988-4CFD-A4F0-57FE90C098DC}"
EndProject
Project("{2150E333-8FDC-42A3-9474-1A3956D46DE8}") = "Application", "Application", "{73E48230-B238-48E4-9007-42ADFABB5AFC}"
EndProject
Project("{2150E333-8FDC-42A3-9474-1A3956D46DE8}") = "Domain", "Domain", "{14669225-DAE8-42B7-BC9E-2D91EF54710D}"
EndProject
Project("{2150E333-8FDC-42A3-9474-1A3956D46DE8}") = "Presentation", "Presentation", "{5F2B5C29-58FB-4A22-BBDE-D7627B734998}"
EndProject
Project("{2150E333-8FDC-42A3-9474-1A3956D46DE8}") = "Infrastructure", "Infrastructure", "{C906CE7E-397D-43D7-98C3-A592DDCACE98}"
EndProject
Project("{9A19103F-16F7-4668-BE54-9A1E7A4F7556}") = "MB.Domain.Models", "MB.Domain.Model\MB.Domain.Models.csproj", "{D71803AE-23C0-4277-AD61-86FBB85DDDF9}"
EndProject
Project("{2150E333-8FDC-42A3-9474-1A3956D46DE8}") = "ApplicationContracts", "ApplicationContracts", "{6D8C53EB-B8FB-4332-A612-52D8A98A4EB6}"
EndProject
Project("{9A19103F-16F7-4668-BE54-9A1E7A4F7556}") = "MB.Application.Contracts", "MB.Application.Constact\MB.Application.Contracts.csproj", "{0731F94E-9142-43B1-9968-31D533B78D9C}"
EndProject
Project("{2150E333-8FDC-42A3-9474-1A3956D46DE8}") = "ApplicationServices", "ApplicationServices", "{75C5C1B4-8707-4A42-A7B6-1331526DAA7A}"
EndProject
Project("{9A19103F-16F7-4668-BE54-9A1E7A4F7556}") = "MB.Application.Services", "MB.Application.Services\MB.Application.Services.csproj", "{C2CE3D38-7DB0-4AC6-9887-B769233458BC}"
EndProject
Project("{9A19103F-16F7-4668-BE54-9A1E7A4F7556}") = "MB.Infrastructure", "MB.Infrastructure\MB.Infrastructure.csproj", "{BB7BFA5C-0DFD-4BC9-8F8F-1D8628AC62F7}"
EndProject
Project("{9A19103F-16F7-4668-BE54-9A1E7A4F7556}") = "MB.Domain.Services", "MB.Domain.Services\MB.Domain.Services.csproj", "{705A8BCC-E8E6-4FEF-B157-0619A7D94A85}"
EndProject
Project("{9A19103F-16F7-4668-BE54-9A1E7A4F7556}") = "MB.Presentation", "MB.Presentation\MB.Presentation.csproj", "{C56753E6-84EC-4366-88B1-0B7C2A7BAD63}"
EndProject
Project("{FAE04EC0-301F-11D3-BF4B-00C04F79EFBC}") = "MB.Infrastructure.Config", "MB.Infrastructure.Config\MB.Infrastructure.Config.csproj", "{FDDB9BBA-D43B-4F33-B079-C49E0AE7D11E}"
EndProject
Global
	GlobalSection(SolutionConfigurationPlatforms) = preSolution
		Debug|Any CPU = Debug|Any CPU
		Release|Any CPU = Release|Any CPU
	EndGlobalSection
	GlobalSection(ProjectConfigurationPlatforms) = postSolution
		{D71803AE-23C0-4277-AD61-86FBB85DDDF9}.Debug|Any CPU.ActiveCfg = Debug|Any CPU
		{D71803AE-23C0-4277-AD61-86FBB85DDDF9}.Debug|Any CPU.Build.0 = Debug|Any CPU
		{D71803AE-23C0-4277-AD61-86FBB85DDDF9}.Release|Any CPU.ActiveCfg = Release|Any CPU
		{D71803AE-23C0-4277-AD61-86FBB85DDDF9}.Release|Any CPU.Build.0 = Release|Any CPU
		{0731F94E-9142-43B1-9968-31D533B78D9C}.Debug|Any CPU.ActiveCfg = Debug|Any CPU
		{0731F94E-9142-43B1-9968-31D533B78D9C}.Debug|Any CPU.Build.0 = Debug|Any CPU
		{0731F94E-9142-43B1-9968-31D533B78D9C}.Release|Any CPU.ActiveCfg = Release|Any CPU
		{0731F94E-9142-43B1-9968-31D533B78D9C}.Release|Any CPU.Build.0 = Release|Any CPU
		{C2CE3D38-7DB0-4AC6-9887-B769233458BC}.Debug|Any CPU.ActiveCfg = Debug|Any CPU
		{C2CE3D38-7DB0-4AC6-9887-B769233458BC}.Debug|Any CPU.Build.0 = Debug|Any CPU
		{C2CE3D38-7DB0-4AC6-9887-B769233458BC}.Release|Any CPU.ActiveCfg = Release|Any CPU
		{C2CE3D38-7DB0-4AC6-9887-B769233458BC}.Release|Any CPU.Build.0 = Release|Any CPU
		{BB7BFA5C-0DFD-4BC9-8F8F-1D8628AC62F7}.Debug|Any CPU.ActiveCfg = Debug|Any CPU
		{BB7BFA5C-0DFD-4BC9-8F8F-1D8628AC62F7}.Debug|Any CPU.Build.0 = Debug|Any CPU
		{BB7BFA5C-0DFD-4BC9-8F8F-1D8628AC62F7}.Release|Any CPU.ActiveCfg = Release|Any CPU
		{BB7BFA5C-0DFD-4BC9-8F8F-1D8628AC62F7}.Release|Any CPU.Build.0 = Release|Any CPU
		{705A8BCC-E8E6-4FEF-B157-0619A7D94A85}.Debug|Any CPU.ActiveCfg = Debug|Any CPU
		{705A8BCC-E8E6-4FEF-B157-0619A7D94A85}.Debug|Any CPU.Build.0 = Debug|Any CPU
		{705A8BCC-E8E6-4FEF-B157-0619A7D94A85}.Release|Any CPU.ActiveCfg = Release|Any CPU
		{705A8BCC-E8E6-4FEF-B157-0619A7D94A85}.Release|Any CPU.Build.0 = Release|Any CPU
		{C56753E6-84EC-4366-88B1-0B7C2A7BAD63}.Debug|Any CPU.ActiveCfg = Debug|Any CPU
		{C56753E6-84EC-4366-88B1-0B7C2A7BAD63}.Debug|Any CPU.Build.0 = Debug|Any CPU
		{C56753E6-84EC-4366-88B1-0B7C2A7BAD63}.Release|Any CPU.ActiveCfg = Release|Any CPU
		{C56753E6-84EC-4366-88B1-0B7C2A7BAD63}.Release|Any CPU.Build.0 = Release|Any CPU
		{FDDB9BBA-D43B-4F33-B079-C49E0AE7D11E}.Debug|Any CPU.ActiveCfg = Debug|Any CPU
		{FDDB9BBA-D43B-4F33-B079-C49E0AE7D11E}.Debug|Any CPU.Build.0 = Debug|Any CPU
		{FDDB9BBA-D43B-4F33-B079-C49E0AE7D11E}.Release|Any CPU.ActiveCfg = Release|Any CPU
		{FDDB9BBA-D43B-4F33-B079-C49E0AE7D11E}.Release|Any CPU.Build.0 = Release|Any CPU
	EndGlobalSection
	GlobalSection(SolutionProperties) = preSolution
		HideSolutionNode = FALSE
	EndGlobalSection
	GlobalSection(NestedProjects) = preSolution
		{3CB35D72-841B-4943-A2C7-DBB5373BDADB} = {14669225-DAE8-42B7-BC9E-2D91EF54710D}
		{A6E10017-F988-4CFD-A4F0-57FE90C098DC} = {14669225-DAE8-42B7-BC9E-2D91EF54710D}
		{73E48230-B238-48E4-9007-42ADFABB5AFC} = {7B6360C2-0971-47FA-B976-7A8621E3447C}
		{14669225-DAE8-42B7-BC9E-2D91EF54710D} = {7B6360C2-0971-47FA-B976-7A8621E3447C}
		{D71803AE-23C0-4277-AD61-86FBB85DDDF9} = {3CB35D72-841B-4943-A2C7-DBB5373BDADB}
		{6D8C53EB-B8FB-4332-A612-52D8A98A4EB6} = {73E48230-B238-48E4-9007-42ADFABB5AFC}
		{0731F94E-9142-43B1-9968-31D533B78D9C} = {6D8C53EB-B8FB-4332-A612-52D8A98A4EB6}
		{75C5C1B4-8707-4A42-A7B6-1331526DAA7A} = {73E48230-B238-48E4-9007-42ADFABB5AFC}
		{C2CE3D38-7DB0-4AC6-9887-B769233458BC} = {75C5C1B4-8707-4A42-A7B6-1331526DAA7A}
		{BB7BFA5C-0DFD-4BC9-8F8F-1D8628AC62F7} = {C906CE7E-397D-43D7-98C3-A592DDCACE98}
		{705A8BCC-E8E6-4FEF-B157-0619A7D94A85} = {A6E10017-F988-4CFD-A4F0-57FE90C098DC}
		{C56753E6-84EC-4366-88B1-0B7C2A7BAD63} = {5F2B5C29-58FB-4A22-BBDE-D7627B734998}
		{FDDB9BBA-D43B-4F33-B079-C49E0AE7D11E} = {C906CE7E-397D-43D7-98C3-A592DDCACE98}
	EndGlobalSection
	GlobalSection(ExtensibilityGlobals) = postSolution
		SolutionGuid = {15349870-675B-4CF9-B06B-C3FE0B8F6379}
	EndGlobalSection
EndGlobal
