
Microsoft Visual Studio Solution File, Format Version 12.00
# Visual Studio Version 17
VisualStudioVersion = 17.0.31912.275
MinimumVisualStudioVersion = 10.0.40219.1
Project("{9A19103F-16F7-4668-BE54-9A1E7A4F7556}") = "MB.Domain.Models", "MB.Domain.Model\MB.Domain.Models.csproj", "{D71803AE-23C0-4277-AD61-86FBB85DDDF9}"
EndProject
Project("{9A19103F-16F7-4668-BE54-9A1E7A4F7556}") = "MB.Application.Contracts", "MB.Application.Constact\MB.Application.Contracts.csproj", "{0731F94E-9142-43B1-9968-31D533B78D9C}"
EndProject
Project("{9A19103F-16F7-4668-BE54-9A1E7A4F7556}") = "MB.Application.Services", "MB.Application.Services\MB.Application.Services.csproj", "{C2CE3D38-7DB0-4AC6-9887-B769233458BC}"
EndProject
Project("{9A19103F-16F7-4668-BE54-9A1E7A4F7556}") = "MB.Infrastructure", "MB.Infrastructure\MB.Infrastructure.csproj", "{BB7BFA5C-0DFD-4BC9-8F8F-1D8628AC62F7}"
EndProject
Project("{9A19103F-16F7-4668-BE54-9A1E7A4F7556}") = "MB.Presentation", "MB.Presentation\MB.Presentation.csproj", "{C56753E6-84EC-4366-88B1-0B7C2A7BAD63}"
EndProject
Project("{9A19103F-16F7-4668-BE54-9A1E7A4F7556}") = "MB.Infrastructure.Config", "MB.Infrastructure.Config\MB.Infrastructure.Config.csproj", "{FDDB9BBA-D43B-4F33-B079-C49E0AE7D11E}"
EndProject
Project("{FAE04EC0-301F-11D3-BF4B-00C04F79EFBC}") = "01_FrameWork", "01_FrameWork\01_FrameWork.csproj", "{9D011AE1-1195-44C6-BF53-06889E83E60B}"
EndProject
Global
	GlobalSection(SolutionConfigurationPlatforms) = preSolution
		Debug|Any CPU = Debug|Any CPU
		Release|Any CPU = Release|Any CPU
	EndGlobalSection
	GlobalSection(ProjectConfigurationPlatforms) = postSolution
		{D71803AE-23C0-4277-AD61-86FBB85DDDF9}.Debug|Any CPU.ActiveCfg = Debug|Any CPU
		{D71803AE-23C0-4277-AD61-86FBB85DDDF9}.Debug|Any CPU.Build.0 = Debug|Any CPU
		{D71803AE-23C0-4277-AD61-86FBB85DDDF9}.Release|Any CPU.ActiveCfg = Release|Any CPU
		{D71803AE-23C0-4277-AD61-86FBB85DDDF9}.Release|Any CPU.Build.0 = Release|Any CPU
		{0731F94E-9142-43B1-9968-31D533B78D9C}.Debug|Any CPU.ActiveCfg = Debug|Any CPU
		{0731F94E-9142-43B1-9968-31D533B78D9C}.Debug|Any CPU.Build.0 = Debug|Any CPU
		{0731F94E-9142-43B1-9968-31D533B78D9C}.Release|Any CPU.ActiveCfg = Release|Any CPU
		{0731F94E-9142-43B1-9968-31D533B78D9C}.Release|Any CPU.Build.0 = Release|Any CPU
		{C2CE3D38-7DB0-4AC6-9887-B769233458BC}.Debug|Any CPU.ActiveCfg = Debug|Any CPU
		{C2CE3D38-7DB0-4AC6-9887-B769233458BC}.Debug|Any CPU.Build.0 = Debug|Any CPU
		{C2CE3D38-7DB0-4AC6-9887-B769233458BC}.Release|Any CPU.ActiveCfg = Release|Any CPU
		{C2CE3D38-7DB0-4AC6-9887-B769233458BC}.Release|Any CPU.Build.0 = Release|Any CPU
		{BB7BFA5C-0DFD-4BC9-8F8F-1D8628AC62F7}.Debug|Any CPU.ActiveCfg = Debug|Any CPU
		{BB7BFA5C-0DFD-4BC9-8F8F-1D8628AC62F7}.Debug|Any CPU.Build.0 = Debug|Any CPU
		{BB7BFA5C-0DFD-4BC9-8F8F-1D8628AC62F7}.Release|Any CPU.ActiveCfg = Release|Any CPU
		{BB7BFA5C-0DFD-4BC9-8F8F-1D8628AC62F7}.Release|Any CPU.Build.0 = Release|Any CPU
		{C56753E6-84EC-4366-88B1-0B7C2A7BAD63}.Debug|Any CPU.ActiveCfg = Debug|Any CPU
		{C56753E6-84EC-4366-88B1-0B7C2A7BAD63}.Debug|Any CPU.Build.0 = Debug|Any CPU
		{C56753E6-84EC-4366-88B1-0B7C2A7BAD63}.Release|Any CPU.ActiveCfg = Release|Any CPU
		{C56753E6-84EC-4366-88B1-0B7C2A7BAD63}.Release|Any CPU.Build.0 = Release|Any CPU
		{FDDB9BBA-D43B-4F33-B079-C49E0AE7D11E}.Debug|Any CPU.ActiveCfg = Debug|Any CPU
		{FDDB9BBA-D43B-4F33-B079-C49E0AE7D11E}.Debug|Any CPU.Build.0 = Debug|Any CPU
		{FDDB9BBA-D43B-4F33-B079-C49E0AE7D11E}.Release|Any CPU.ActiveCfg = Release|Any CPU
		{FDDB9BBA-D43B-4F33-B079-C49E0AE7D11E}.Release|Any CPU.Build.0 = Release|Any CPU
		{9D011AE1-1195-44C6-BF53-06889E83E60B}.Debug|Any CPU.ActiveCfg = Debug|Any CPU
		{9D011AE1-1195-44C6-BF53-06889E83E60B}.Debug|Any CPU.Build.0 = Debug|Any CPU
		{9D011AE1-1195-44C6-BF53-06889E83E60B}.Release|Any CPU.ActiveCfg = Release|Any CPU
		{9D011AE1-1195-44C6-BF53-06889E83E60B}.Release|Any CPU.Build.0 = Release|Any CPU
	EndGlobalSection
	GlobalSection(SolutionProperties) = preSolution
		HideSolutionNode = FALSE
	EndGlobalSection
	GlobalSection(ExtensibilityGlobals) = postSolution
		SolutionGuid = {15349870-675B-4CF9-B06B-C3FE0B8F6379}
	EndGlobalSection
EndGlobal
